
Microsoft Visual Studio Solution File, Format Version 12.00
# Visual Studio Version 17
VisualStudioVersion = 17.0.31912.275
MinimumVisualStudioVersion = 10.0.40219.1
Project("{9A19103F-16F7-4668-BE54-9A1E7A4F7556}") = "MockH", "MockH\MockH.csproj", "{69AB1471-7E7D-4C76-BDD8-58CA8369649F}"
EndProject
Project("{9A19103F-16F7-4668-BE54-9A1E7A4F7556}") = "MockH.Tests", "MockH.Tests\MockH.Tests.csproj", "{C5EA4883-2BBE-4F46-AC99-465DF6895958}"
EndProject
Project("{2150E333-8FDC-42A3-9474-1A3956D46DE8}") = "Solution Items", "Solution Items", "{83377AA8-18D5-4CFF-9AE6-B11070952B2F}"
	ProjectSection(SolutionItems) = preProject
		README.md = README.md
	EndProjectSection
EndProject
Global
	GlobalSection(SolutionConfigurationPlatforms) = preSolution
		Debug|Any CPU = Debug|Any CPU
		Release|Any CPU = Release|Any CPU
	EndGlobalSection
	GlobalSection(ProjectConfigurationPlatforms) = postSolution
		{69AB1471-7E7D-4C76-BDD8-58CA8369649F}.Debug|Any CPU.ActiveCfg = Debug|Any CPU
		{69AB1471-7E7D-4C76-BDD8-58CA8369649F}.Debug|Any CPU.Build.0 = Debug|Any CPU
		{69AB1471-7E7D-4C76-BDD8-58CA8369649F}.Release|Any CPU.ActiveCfg = Release|Any CPU
		{69AB1471-7E7D-4C76-BDD8-58CA8369649F}.Release|Any CPU.Build.0 = Release|Any CPU
		{C5EA4883-2BBE-4F46-AC99-465DF6895958}.Debug|Any CPU.ActiveCfg = Debug|Any CPU
		{C5EA4883-2BBE-4F46-AC99-465DF6895958}.Debug|Any CPU.Build.0 = Debug|Any CPU
		{C5EA4883-2BBE-4F46-AC99-465DF6895958}.Release|Any CPU.ActiveCfg = Release|Any CPU
		{C5EA4883-2BBE-4F46-AC99-465DF6895958}.Release|Any CPU.Build.0 = Release|Any CPU
	EndGlobalSection
	GlobalSection(SolutionProperties) = preSolution
		HideSolutionNode = FALSE
	EndGlobalSection
	GlobalSection(ExtensibilityGlobals) = postSolution
		SolutionGuid = {240FD7D3-0B19-4E1B-88B4-BE2A037AC82A}
	EndGlobalSection
EndGlobal
